
Microsoft Visual Studio Solution File, Format Version 12.00
# Visual Studio Version 17
VisualStudioVersion = 17.6.33829.357
MinimumVisualStudioVersion = 10.0.40219.1
Project("{9A19103F-16F7-4668-BE54-9A1E7A4F7556}") = "ex001-Olá, mundo.", "ex001-Olá, mundo\ex001-Olá, mundo..csproj", "{C5AA844B-3B8B-447A-82F3-9766ADEA61EE}"
EndProject
Project("{9A19103F-16F7-4668-BE54-9A1E7A4F7556}") = "ex002 - Criando Variáveis.", "ex002 - Criando Variáveis\ex002 - Criando Variáveis..csproj", "{ED314E9C-4DD1-4E72-8944-3F8F2E49842D}"
EndProject
Project("{9A19103F-16F7-4668-BE54-9A1E7A4F7556}") = "ex003 - Criando Variáveis Ponto Flutuante", "ex003 - Criando Variáveis Ponto Flutuante\ex003 - Criando Variáveis Ponto Flutuante.csproj", "{23802293-A639-4B4B-BE6C-5C18BC745E11}"
EndProject
Project("{9A19103F-16F7-4668-BE54-9A1E7A4F7556}") = "ex004 - Conversões e Outros Tipos", "ex004 - Conversões e Outros Tipos\ex004 - Conversões e Outros Tipos.csproj", "{7E088900-4734-409E-A5B7-C86932BFA282}"
EndProject
Project("{9A19103F-16F7-4668-BE54-9A1E7A4F7556}") = "ex005 - Caracteries e Textos", "ex005 - Caracteries e Textos\ex005 - Caracteries e Textos.csproj", "{F51E6041-F401-4B17-B2A0-626E0B375895}"
EndProject
Project("{9A19103F-16F7-4668-BE54-9A1E7A4F7556}") = "ex006 - Atribuições de Variáveis.", "ex006 - Atribuições de Variáveis\ex006 - Atribuições de Variáveis..csproj", "{145BAF7E-E060-48AC-995C-A20E7BB7ADBC}"
EndProject
Project("{9A19103F-16F7-4668-BE54-9A1E7A4F7556}") = "ex007 - Condicionais", "ex007 - Condicionais\ex007 - Condicionais.csproj", "{CAAFE45C-DBBA-41C3-9086-67B83E1C7902}"
EndProject
Project("{FAE04EC0-301F-11D3-BF4B-00C04F79EFBC}") = "ex008 - Condicionais II", "ex008 - Condicionais II\ex008 - Condicionais II.csproj", "{3748EC00-B344-4F91-A895-627E0AB93E7C}"
EndProject
Global
	GlobalSection(SolutionConfigurationPlatforms) = preSolution
		Debug|Any CPU = Debug|Any CPU
		Release|Any CPU = Release|Any CPU
	EndGlobalSection
	GlobalSection(ProjectConfigurationPlatforms) = postSolution
		{C5AA844B-3B8B-447A-82F3-9766ADEA61EE}.Debug|Any CPU.ActiveCfg = Debug|Any CPU
		{C5AA844B-3B8B-447A-82F3-9766ADEA61EE}.Debug|Any CPU.Build.0 = Debug|Any CPU
		{C5AA844B-3B8B-447A-82F3-9766ADEA61EE}.Release|Any CPU.ActiveCfg = Release|Any CPU
		{C5AA844B-3B8B-447A-82F3-9766ADEA61EE}.Release|Any CPU.Build.0 = Release|Any CPU
		{ED314E9C-4DD1-4E72-8944-3F8F2E49842D}.Debug|Any CPU.ActiveCfg = Debug|Any CPU
		{ED314E9C-4DD1-4E72-8944-3F8F2E49842D}.Debug|Any CPU.Build.0 = Debug|Any CPU
		{ED314E9C-4DD1-4E72-8944-3F8F2E49842D}.Release|Any CPU.ActiveCfg = Release|Any CPU
		{ED314E9C-4DD1-4E72-8944-3F8F2E49842D}.Release|Any CPU.Build.0 = Release|Any CPU
		{23802293-A639-4B4B-BE6C-5C18BC745E11}.Debug|Any CPU.ActiveCfg = Debug|Any CPU
		{23802293-A639-4B4B-BE6C-5C18BC745E11}.Debug|Any CPU.Build.0 = Debug|Any CPU
		{23802293-A639-4B4B-BE6C-5C18BC745E11}.Release|Any CPU.ActiveCfg = Release|Any CPU
		{23802293-A639-4B4B-BE6C-5C18BC745E11}.Release|Any CPU.Build.0 = Release|Any CPU
		{7E088900-4734-409E-A5B7-C86932BFA282}.Debug|Any CPU.ActiveCfg = Debug|Any CPU
		{7E088900-4734-409E-A5B7-C86932BFA282}.Debug|Any CPU.Build.0 = Debug|Any CPU
		{7E088900-4734-409E-A5B7-C86932BFA282}.Release|Any CPU.ActiveCfg = Release|Any CPU
		{7E088900-4734-409E-A5B7-C86932BFA282}.Release|Any CPU.Build.0 = Release|Any CPU
		{F51E6041-F401-4B17-B2A0-626E0B375895}.Debug|Any CPU.ActiveCfg = Debug|Any CPU
		{F51E6041-F401-4B17-B2A0-626E0B375895}.Debug|Any CPU.Build.0 = Debug|Any CPU
		{F51E6041-F401-4B17-B2A0-626E0B375895}.Release|Any CPU.ActiveCfg = Release|Any CPU
		{F51E6041-F401-4B17-B2A0-626E0B375895}.Release|Any CPU.Build.0 = Release|Any CPU
		{145BAF7E-E060-48AC-995C-A20E7BB7ADBC}.Debug|Any CPU.ActiveCfg = Debug|Any CPU
		{145BAF7E-E060-48AC-995C-A20E7BB7ADBC}.Debug|Any CPU.Build.0 = Debug|Any CPU
		{145BAF7E-E060-48AC-995C-A20E7BB7ADBC}.Release|Any CPU.ActiveCfg = Release|Any CPU
		{145BAF7E-E060-48AC-995C-A20E7BB7ADBC}.Release|Any CPU.Build.0 = Release|Any CPU
		{CAAFE45C-DBBA-41C3-9086-67B83E1C7902}.Debug|Any CPU.ActiveCfg = Debug|Any CPU
		{CAAFE45C-DBBA-41C3-9086-67B83E1C7902}.Debug|Any CPU.Build.0 = Debug|Any CPU
		{CAAFE45C-DBBA-41C3-9086-67B83E1C7902}.Release|Any CPU.ActiveCfg = Release|Any CPU
		{CAAFE45C-DBBA-41C3-9086-67B83E1C7902}.Release|Any CPU.Build.0 = Release|Any CPU
		{3748EC00-B344-4F91-A895-627E0AB93E7C}.Debug|Any CPU.ActiveCfg = Debug|Any CPU
		{3748EC00-B344-4F91-A895-627E0AB93E7C}.Debug|Any CPU.Build.0 = Debug|Any CPU
		{3748EC00-B344-4F91-A895-627E0AB93E7C}.Release|Any CPU.ActiveCfg = Release|Any CPU
		{3748EC00-B344-4F91-A895-627E0AB93E7C}.Release|Any CPU.Build.0 = Release|Any CPU
	EndGlobalSection
	GlobalSection(SolutionProperties) = preSolution
		HideSolutionNode = FALSE
	EndGlobalSection
	GlobalSection(ExtensibilityGlobals) = postSolution
		SolutionGuid = {05D98849-BC3F-4526-945E-C910D6D65BDF}
	EndGlobalSection
EndGlobal
